// !$*UTF8*$!
{
	archiveVersion = 1;
	classes = {
	};
	objectVersion = 48;
	objects = {

/* Begin PBXBuildFile section */
		4FA9137A213E760D00112811 /* AppDelegate.swift in Sources */ = {isa = PBXBuildFile; fileRef = 4FA91379213E760D00112811 /* AppDelegate.swift */; };
		4FA9137C213E760D00112811 /* ViewController.swift in Sources */ = {isa = PBXBuildFile; fileRef = 4FA9137B213E760D00112811 /* ViewController.swift */; };
		4FA9137F213E760D00112811 /* Main.storyboard in Resources */ = {isa = PBXBuildFile; fileRef = 4FA9137D213E760D00112811 /* Main.storyboard */; };
		4FA91381213E760D00112811 /* Assets.xcassets in Resources */ = {isa = PBXBuildFile; fileRef = 4FA91380213E760D00112811 /* Assets.xcassets */; };
		4FA91384213E760D00112811 /* LaunchScreen.storyboard in Resources */ = {isa = PBXBuildFile; fileRef = 4FA91382213E760D00112811 /* LaunchScreen.storyboard */; };
		4FA9138F213E760D00112811 /* POCRegistrationTests.swift in Sources */ = {isa = PBXBuildFile; fileRef = 4FA9138E213E760D00112811 /* POCRegistrationTests.swift */; };
		4FE704DE2147D30A0037DD82 /* TermsAndConditions.swift in Sources */ = {isa = PBXBuildFile; fileRef = 4FE704DD2147D30A0037DD82 /* TermsAndConditions.swift */; };
		73840B2821415E3400F19092 /* StyleKit.swift in Sources */ = {isa = PBXBuildFile; fileRef = 73840B2721415E3400F19092 /* StyleKit.swift */; };
		DDD7D52F2147D5E8000CCF76 /* LoginViewController.swift in Sources */ = {isa = PBXBuildFile; fileRef = DDD7D52D2147D5E7000CCF76 /* LoginViewController.swift */; };
		DDD7D5302147D5E8000CCF76 /* LoginStoryboard.storyboard in Resources */ = {isa = PBXBuildFile; fileRef = DDD7D52E2147D5E8000CCF76 /* LoginStoryboard.storyboard */; };
/* End PBXBuildFile section */

/* Begin PBXContainerItemProxy section */
		4FA9138B213E760D00112811 /* PBXContainerItemProxy */ = {
			isa = PBXContainerItemProxy;
			containerPortal = 4FA9136E213E760D00112811 /* Project object */;
			proxyType = 1;
			remoteGlobalIDString = 4FA91375213E760D00112811;
			remoteInfo = POCRegistration;
		};
/* End PBXContainerItemProxy section */

/* Begin PBXFileReference section */
		4FA91376213E760D00112811 /* POCRegistration.app */ = {isa = PBXFileReference; explicitFileType = wrapper.application; includeInIndex = 0; path = POCRegistration.app; sourceTree = BUILT_PRODUCTS_DIR; };
		4FA91379213E760D00112811 /* AppDelegate.swift */ = {isa = PBXFileReference; lastKnownFileType = sourcecode.swift; path = AppDelegate.swift; sourceTree = "<group>"; };
		4FA9137B213E760D00112811 /* ViewController.swift */ = {isa = PBXFileReference; lastKnownFileType = sourcecode.swift; path = ViewController.swift; sourceTree = "<group>"; };
		4FA9137E213E760D00112811 /* Base */ = {isa = PBXFileReference; lastKnownFileType = file.storyboard; name = Base; path = Base.lproj/Main.storyboard; sourceTree = "<group>"; };
		4FA91380213E760D00112811 /* Assets.xcassets */ = {isa = PBXFileReference; lastKnownFileType = folder.assetcatalog; path = Assets.xcassets; sourceTree = "<group>"; };
		4FA91383213E760D00112811 /* Base */ = {isa = PBXFileReference; lastKnownFileType = file.storyboard; name = Base; path = Base.lproj/LaunchScreen.storyboard; sourceTree = "<group>"; };
		4FA91385213E760D00112811 /* Info.plist */ = {isa = PBXFileReference; lastKnownFileType = text.plist.xml; path = Info.plist; sourceTree = "<group>"; };
		4FA9138A213E760D00112811 /* POCRegistrationTests.xctest */ = {isa = PBXFileReference; explicitFileType = wrapper.cfbundle; includeInIndex = 0; path = POCRegistrationTests.xctest; sourceTree = BUILT_PRODUCTS_DIR; };
		4FA9138E213E760D00112811 /* POCRegistrationTests.swift */ = {isa = PBXFileReference; lastKnownFileType = sourcecode.swift; path = POCRegistrationTests.swift; sourceTree = "<group>"; };
		4FA91390213E760D00112811 /* Info.plist */ = {isa = PBXFileReference; lastKnownFileType = text.plist.xml; path = Info.plist; sourceTree = "<group>"; };
		4FE704DD2147D30A0037DD82 /* TermsAndConditions.swift */ = {isa = PBXFileReference; fileEncoding = 4; lastKnownFileType = sourcecode.swift; path = TermsAndConditions.swift; sourceTree = "<group>"; };
		73840B2721415E3400F19092 /* StyleKit.swift */ = {isa = PBXFileReference; fileEncoding = 4; lastKnownFileType = sourcecode.swift; path = StyleKit.swift; sourceTree = "<group>"; };
		DDD7D52D2147D5E7000CCF76 /* LoginViewController.swift */ = {isa = PBXFileReference; fileEncoding = 4; lastKnownFileType = sourcecode.swift; path = LoginViewController.swift; sourceTree = "<group>"; };
		DDD7D52E2147D5E8000CCF76 /* LoginStoryboard.storyboard */ = {isa = PBXFileReference; fileEncoding = 4; lastKnownFileType = file.storyboard; path = LoginStoryboard.storyboard; sourceTree = "<group>"; };
/* End PBXFileReference section */

/* Begin PBXFrameworksBuildPhase section */
		4FA91373213E760D00112811 /* Frameworks */ = {
			isa = PBXFrameworksBuildPhase;
			buildActionMask = 2147483647;
			files = (
			);
			runOnlyForDeploymentPostprocessing = 0;
		};
		4FA91387213E760D00112811 /* Frameworks */ = {
			isa = PBXFrameworksBuildPhase;
			buildActionMask = 2147483647;
			files = (
			);
			runOnlyForDeploymentPostprocessing = 0;
		};
/* End PBXFrameworksBuildPhase section */

/* Begin PBXGroup section */
		4FA9136D213E760D00112811 = {
			isa = PBXGroup;
			children = (
				4FA91378213E760D00112811 /* POCRegistration */,
				4FA9138D213E760D00112811 /* POCRegistrationTests */,
				4FA91377213E760D00112811 /* Products */,
			);
			sourceTree = "<group>";
		};
		4FA91377213E760D00112811 /* Products */ = {
			isa = PBXGroup;
			children = (
				4FA91376213E760D00112811 /* POCRegistration.app */,
				4FA9138A213E760D00112811 /* POCRegistrationTests.xctest */,
			);
			name = Products;
			sourceTree = "<group>";
		};
		4FA91378213E760D00112811 /* POCRegistration */ = {
			isa = PBXGroup;
			children = (
				DDD7D5322147D618000CCF76 /* Clasess */,
				73840B2621415E1500F19092 /* Common */,
				4FA91379213E760D00112811 /* AppDelegate.swift */,
				4FA9137B213E760D00112811 /* ViewController.swift */,
				4FA9137D213E760D00112811 /* Main.storyboard */,
				4FE704DD2147D30A0037DD82 /* TermsAndConditions.swift */,
				4FA91380213E760D00112811 /* Assets.xcassets */,
				4FA91382213E760D00112811 /* LaunchScreen.storyboard */,
				4FA91385213E760D00112811 /* Info.plist */,
			);
			path = POCRegistration;
			sourceTree = "<group>";
		};
		4FA9138D213E760D00112811 /* POCRegistrationTests */ = {
			isa = PBXGroup;
			children = (
				4FA9138E213E760D00112811 /* POCRegistrationTests.swift */,
				4FA91390213E760D00112811 /* Info.plist */,
			);
			path = POCRegistrationTests;
			sourceTree = "<group>";
		};
		73840B2621415E1500F19092 /* Common */ = {
			isa = PBXGroup;
			children = (
				73840B2721415E3400F19092 /* StyleKit.swift */,
			);
			path = Common;
			sourceTree = "<group>";
		};
		DDD7D5322147D618000CCF76 /* Clasess */ = {
			isa = PBXGroup;
			children = (
				DDD7D5332147D655000CCF76 /* Login */,
			);
			path = Clasess;
			sourceTree = "<group>";
		};
		DDD7D5332147D655000CCF76 /* Login */ = {
			isa = PBXGroup;
			children = (
				DDD7D52E2147D5E8000CCF76 /* LoginStoryboard.storyboard */,
				DDD7D52D2147D5E7000CCF76 /* LoginViewController.swift */,
			);
			path = Login;
			sourceTree = "<group>";
		};
/* End PBXGroup section */

/* Begin PBXNativeTarget section */
		4FA91375213E760D00112811 /* POCRegistration */ = {
			isa = PBXNativeTarget;
			buildConfigurationList = 4FA91393213E760D00112811 /* Build configuration list for PBXNativeTarget "POCRegistration" */;
			buildPhases = (
				4FA91372213E760D00112811 /* Sources */,
				4FA91373213E760D00112811 /* Frameworks */,
				4FA91374213E760D00112811 /* Resources */,
				73840B2521415C3800F19092 /* ShellScript */,
			);
			buildRules = (
			);
			dependencies = (
			);
			name = POCRegistration;
			productName = POCRegistration;
			productReference = 4FA91376213E760D00112811 /* POCRegistration.app */;
			productType = "com.apple.product-type.application";
		};
		4FA91389213E760D00112811 /* POCRegistrationTests */ = {
			isa = PBXNativeTarget;
			buildConfigurationList = 4FA91396213E760D00112811 /* Build configuration list for PBXNativeTarget "POCRegistrationTests" */;
			buildPhases = (
				4FA91386213E760D00112811 /* Sources */,
				4FA91387213E760D00112811 /* Frameworks */,
				4FA91388213E760D00112811 /* Resources */,
			);
			buildRules = (
			);
			dependencies = (
				4FA9138C213E760D00112811 /* PBXTargetDependency */,
			);
			name = POCRegistrationTests;
			productName = POCRegistrationTests;
			productReference = 4FA9138A213E760D00112811 /* POCRegistrationTests.xctest */;
			productType = "com.apple.product-type.bundle.unit-test";
		};
/* End PBXNativeTarget section */

/* Begin PBXProject section */
		4FA9136E213E760D00112811 /* Project object */ = {
			isa = PBXProject;
			attributes = {
				LastSwiftUpdateCheck = 0920;
				LastUpgradeCheck = 0920;
				ORGANIZATIONNAME = Test;
				TargetAttributes = {
					4FA91375213E760D00112811 = {
						CreatedOnToolsVersion = 9.2;
						ProvisioningStyle = Automatic;
					};
					4FA91389213E760D00112811 = {
						CreatedOnToolsVersion = 9.2;
						ProvisioningStyle = Automatic;
						TestTargetID = 4FA91375213E760D00112811;
					};
				};
			};
			buildConfigurationList = 4FA91371213E760D00112811 /* Build configuration list for PBXProject "POCRegistration" */;
			compatibilityVersion = "Xcode 8.0";
			developmentRegion = en;
			hasScannedForEncodings = 0;
			knownRegions = (
				en,
				Base,
			);
			mainGroup = 4FA9136D213E760D00112811;
			productRefGroup = 4FA91377213E760D00112811 /* Products */;
			projectDirPath = "";
			projectRoot = "";
			targets = (
				4FA91375213E760D00112811 /* POCRegistration */,
				4FA91389213E760D00112811 /* POCRegistrationTests */,
			);
		};
/* End PBXProject section */

/* Begin PBXResourcesBuildPhase section */
		4FA91374213E760D00112811 /* Resources */ = {
			isa = PBXResourcesBuildPhase;
			buildActionMask = 2147483647;
			files = (
				4FA91384213E760D00112811 /* LaunchScreen.storyboard in Resources */,
				4FA91381213E760D00112811 /* Assets.xcassets in Resources */,
				4FA9137F213E760D00112811 /* Main.storyboard in Resources */,
				DDD7D5302147D5E8000CCF76 /* LoginStoryboard.storyboard in Resources */,
			);
			runOnlyForDeploymentPostprocessing = 0;
		};
		4FA91388213E760D00112811 /* Resources */ = {
			isa = PBXResourcesBuildPhase;
			buildActionMask = 2147483647;
			files = (
			);
			runOnlyForDeploymentPostprocessing = 0;
		};
/* End PBXResourcesBuildPhase section */

/* Begin PBXShellScriptBuildPhase section */
		73840B2521415C3800F19092 /* ShellScript */ = {
			isa = PBXShellScriptBuildPhase;
			buildActionMask = 2147483647;
			files = (
			);
			inputPaths = (
			);
			outputPaths = (
			);
			runOnlyForDeploymentPostprocessing = 0;
			shellPath = /bin/sh;
			shellScript = "if which swiftlint > /dev/null; then\nswiftlint\nelse\necho \"warning: SwiftLint not installed, download from https://github.com/realm/SwiftLint\"\n\nTAGS=\"TODO:|FIXME:\"\necho \"searching ${SRCROOT} for ${TAGS}\"\nfind \"${SRCROOT}\" \\( -name \"*.swift\" \\) -print0 | xargs -0 egrep --with-filename --line-number --only-matching \"($TAGS).*\\$\" | perl -p -e \"s/($TAGS)/ warning: \\$1/\"\nfi";
		};
/* End PBXShellScriptBuildPhase section */

/* Begin PBXSourcesBuildPhase section */
		4FA91372213E760D00112811 /* Sources */ = {
			isa = PBXSourcesBuildPhase;
			buildActionMask = 2147483647;
			files = (
				DDD7D52F2147D5E8000CCF76 /* LoginViewController.swift in Sources */,
				73840B2821415E3400F19092 /* StyleKit.swift in Sources */,
				4FA9137C213E760D00112811 /* ViewController.swift in Sources */,
				4FA9137A213E760D00112811 /* AppDelegate.swift in Sources */,
				4FE704DE2147D30A0037DD82 /* TermsAndConditions.swift in Sources */,
			);
			runOnlyForDeploymentPostprocessing = 0;
		};
		4FA91386213E760D00112811 /* Sources */ = {
			isa = PBXSourcesBuildPhase;
			buildActionMask = 2147483647;
			files = (
				4FA9138F213E760D00112811 /* POCRegistrationTests.swift in Sources */,
			);
			runOnlyForDeploymentPostprocessing = 0;
		};
/* End PBXSourcesBuildPhase section */

/* Begin PBXTargetDependency section */
		4FA9138C213E760D00112811 /* PBXTargetDependency */ = {
			isa = PBXTargetDependency;
			target = 4FA91375213E760D00112811 /* POCRegistration */;
			targetProxy = 4FA9138B213E760D00112811 /* PBXContainerItemProxy */;
		};
/* End PBXTargetDependency section */

/* Begin PBXVariantGroup section */
		4FA9137D213E760D00112811 /* Main.storyboard */ = {
			isa = PBXVariantGroup;
			children = (
				4FA9137E213E760D00112811 /* Base */,
			);
			name = Main.storyboard;
			sourceTree = "<group>";
		};
		4FA91382213E760D00112811 /* LaunchScreen.storyboard */ = {
			isa = PBXVariantGroup;
			children = (
				4FA91383213E760D00112811 /* Base */,
			);
			name = LaunchScreen.storyboard;
			sourceTree = "<group>";
		};
/* End PBXVariantGroup section */

/* Begin XCBuildConfiguration section */
		4FA91391213E760D00112811 /* Debug */ = {
			isa = XCBuildConfiguration;
			buildSettings = {
				ALWAYS_SEARCH_USER_PATHS = NO;
				CLANG_ANALYZER_NONNULL = YES;
				CLANG_ANALYZER_NUMBER_OBJECT_CONVERSION = YES_AGGRESSIVE;
				CLANG_CXX_LANGUAGE_STANDARD = "gnu++14";
				CLANG_CXX_LIBRARY = "libc++";
				CLANG_ENABLE_MODULES = YES;
				CLANG_ENABLE_OBJC_ARC = YES;
				CLANG_WARN_BLOCK_CAPTURE_AUTORELEASING = YES;
				CLANG_WARN_BOOL_CONVERSION = YES;
				CLANG_WARN_COMMA = YES;
				CLANG_WARN_CONSTANT_CONVERSION = YES;
				CLANG_WARN_DIRECT_OBJC_ISA_USAGE = YES_ERROR;
				CLANG_WARN_DOCUMENTATION_COMMENTS = YES;
				CLANG_WARN_EMPTY_BODY = YES;
				CLANG_WARN_ENUM_CONVERSION = YES;
				CLANG_WARN_INFINITE_RECURSION = YES;
				CLANG_WARN_INT_CONVERSION = YES;
				CLANG_WARN_NON_LITERAL_NULL_CONVERSION = YES;
				CLANG_WARN_OBJC_LITERAL_CONVERSION = YES;
				CLANG_WARN_OBJC_ROOT_CLASS = YES_ERROR;
				CLANG_WARN_RANGE_LOOP_ANALYSIS = YES;
				CLANG_WARN_STRICT_PROTOTYPES = YES;
				CLANG_WARN_SUSPICIOUS_MOVE = YES;
				CLANG_WARN_UNGUARDED_AVAILABILITY = YES_AGGRESSIVE;
				CLANG_WARN_UNREACHABLE_CODE = YES;
				CLANG_WARN__DUPLICATE_METHOD_MATCH = YES;
				CODE_SIGN_IDENTITY = "iPhone Developer";
				COPY_PHASE_STRIP = NO;
				DEBUG_INFORMATION_FORMAT = dwarf;
				ENABLE_STRICT_OBJC_MSGSEND = YES;
				ENABLE_TESTABILITY = YES;
				GCC_C_LANGUAGE_STANDARD = gnu11;
				GCC_DYNAMIC_NO_PIC = NO;
				GCC_NO_COMMON_BLOCKS = YES;
				GCC_OPTIMIZATION_LEVEL = 0;
				GCC_PREPROCESSOR_DEFINITIONS = (
					"DEBUG=1",
					"$(inherited)",
				);
				GCC_WARN_64_TO_32_BIT_CONVERSION = YES;
				GCC_WARN_ABOUT_RETURN_TYPE = YES_ERROR;
				GCC_WARN_UNDECLARED_SELECTOR = YES;
				GCC_WARN_UNINITIALIZED_AUTOS = YES_AGGRESSIVE;
				GCC_WARN_UNUSED_FUNCTION = YES;
				GCC_WARN_UNUSED_VARIABLE = YES;
				IPHONEOS_DEPLOYMENT_TARGET = 11.2;
				MTL_ENABLE_DEBUG_INFO = YES;
				ONLY_ACTIVE_ARCH = YES;
				SDKROOT = iphoneos;
				SWIFT_ACTIVE_COMPILATION_CONDITIONS = DEBUG;
				SWIFT_OPTIMIZATION_LEVEL = "-Onone";
			};
			name = Debug;
		};
		4FA91392213E760D00112811 /* Release */ = {
			isa = XCBuildConfiguration;
			buildSettings = {
				ALWAYS_SEARCH_USER_PATHS = NO;
				CLANG_ANALYZER_NONNULL = YES;
				CLANG_ANALYZER_NUMBER_OBJECT_CONVERSION = YES_AGGRESSIVE;
				CLANG_CXX_LANGUAGE_STANDARD = "gnu++14";
				CLANG_CXX_LIBRARY = "libc++";
				CLANG_ENABLE_MODULES = YES;
				CLANG_ENABLE_OBJC_ARC = YES;
				CLANG_WARN_BLOCK_CAPTURE_AUTORELEASING = YES;
				CLANG_WARN_BOOL_CONVERSION = YES;
				CLANG_WARN_COMMA = YES;
				CLANG_WARN_CONSTANT_CONVERSION = YES;
				CLANG_WARN_DIRECT_OBJC_ISA_USAGE = YES_ERROR;
				CLANG_WARN_DOCUMENTATION_COMMENTS = YES;
				CLANG_WARN_EMPTY_BODY = YES;
				CLANG_WARN_ENUM_CONVERSION = YES;
				CLANG_WARN_INFINITE_RECURSION = YES;
				CLANG_WARN_INT_CONVERSION = YES;
				CLANG_WARN_NON_LITERAL_NULL_CONVERSION = YES;
				CLANG_WARN_OBJC_LITERAL_CONVERSION = YES;
				CLANG_WARN_OBJC_ROOT_CLASS = YES_ERROR;
				CLANG_WARN_RANGE_LOOP_ANALYSIS = YES;
				CLANG_WARN_STRICT_PROTOTYPES = YES;
				CLANG_WARN_SUSPICIOUS_MOVE = YES;
				CLANG_WARN_UNGUARDED_AVAILABILITY = YES_AGGRESSIVE;
				CLANG_WARN_UNREACHABLE_CODE = YES;
				CLANG_WARN__DUPLICATE_METHOD_MATCH = YES;
				CODE_SIGN_IDENTITY = "iPhone Developer";
				COPY_PHASE_STRIP = NO;
				DEBUG_INFORMATION_FORMAT = "dwarf-with-dsym";
				ENABLE_NS_ASSERTIONS = NO;
				ENABLE_STRICT_OBJC_MSGSEND = YES;
				GCC_C_LANGUAGE_STANDARD = gnu11;
				GCC_NO_COMMON_BLOCKS = YES;
				GCC_WARN_64_TO_32_BIT_CONVERSION = YES;
				GCC_WARN_ABOUT_RETURN_TYPE = YES_ERROR;
				GCC_WARN_UNDECLARED_SELECTOR = YES;
				GCC_WARN_UNINITIALIZED_AUTOS = YES_AGGRESSIVE;
				GCC_WARN_UNUSED_FUNCTION = YES;
				GCC_WARN_UNUSED_VARIABLE = YES;
				IPHONEOS_DEPLOYMENT_TARGET = 11.2;
				MTL_ENABLE_DEBUG_INFO = NO;
				SDKROOT = iphoneos;
				SWIFT_OPTIMIZATION_LEVEL = "-Owholemodule";
				VALIDATE_PRODUCT = YES;
			};
			name = Release;
		};
		4FA91394213E760D00112811 /* Debug */ = {
			isa = XCBuildConfiguration;
			buildSettings = {
				ASSETCATALOG_COMPILER_APPICON_NAME = AppIcon;
				CODE_SIGN_STYLE = Automatic;
				INFOPLIST_FILE = POCRegistration/Info.plist;
				LD_RUNPATH_SEARCH_PATHS = "$(inherited) @executable_path/Frameworks";
				PRODUCT_BUNDLE_IDENTIFIER = com.Test.POCRegistration;
				PRODUCT_NAME = "$(TARGET_NAME)";
				SWIFT_VERSION = 4.0;
				TARGETED_DEVICE_FAMILY = "1,2";
			};
			name = Debug;
		};
		4FA91395213E760D00112811 /* Release */ = {
			isa = XCBuildConfiguration;
			buildSettings = {
				ASSETCATALOG_COMPILER_APPICON_NAME = AppIcon;
				CODE_SIGN_STYLE = Automatic;
				INFOPLIST_FILE = POCRegistration/Info.plist;
				LD_RUNPATH_SEARCH_PATHS = "$(inherited) @executable_path/Frameworks";
				PRODUCT_BUNDLE_IDENTIFIER = com.Test.POCRegistration;
				PRODUCT_NAME = "$(TARGET_NAME)";
				SWIFT_VERSION = 4.0;
				TARGETED_DEVICE_FAMILY = "1,2";
			};
			name = Release;
		};
		4FA91397213E760D00112811 /* Debug */ = {
			isa = XCBuildConfiguration;
			buildSettings = {
				ALWAYS_EMBED_SWIFT_STANDARD_LIBRARIES = YES;
				BUNDLE_LOADER = "$(TEST_HOST)";
				CODE_SIGN_STYLE = Automatic;
				INFOPLIST_FILE = POCRegistrationTests/Info.plist;
				LD_RUNPATH_SEARCH_PATHS = "$(inherited) @executable_path/Frameworks @loader_path/Frameworks";
				PRODUCT_BUNDLE_IDENTIFIER = com.Test.POCRegistrationTests;
				PRODUCT_NAME = "$(TARGET_NAME)";
				SWIFT_VERSION = 4.0;
				TARGETED_DEVICE_FAMILY = "1,2";
				TEST_HOST = "$(BUILT_PRODUCTS_DIR)/POCRegistration.app/POCRegistration";
			};
			name = Debug;
		};
		4FA91398213E760D00112811 /* Release */ = {
			isa = XCBuildConfiguration;
			buildSettings = {
				ALWAYS_EMBED_SWIFT_STANDARD_LIBRARIES = YES;
				BUNDLE_LOADER = "$(TEST_HOST)";
				CODE_SIGN_STYLE = Automatic;
				INFOPLIST_FILE = POCRegistrationTests/Info.plist;
				LD_RUNPATH_SEARCH_PATHS = "$(inherited) @executable_path/Frameworks @loader_path/Frameworks";
				PRODUCT_BUNDLE_IDENTIFIER = com.Test.POCRegistrationTests;
				PRODUCT_NAME = "$(TARGET_NAME)";
				SWIFT_VERSION = 4.0;
				TARGETED_DEVICE_FAMILY = "1,2";
				TEST_HOST = "$(BUILT_PRODUCTS_DIR)/POCRegistration.app/POCRegistration";
			};
			name = Release;
		};
/* End XCBuildConfiguration section */

/* Begin XCConfigurationList section */
		4FA91371213E760D00112811 /* Build configuration list for PBXProject "POCRegistration" */ = {
			isa = XCConfigurationList;
			buildConfigurations = (
				4FA91391213E760D00112811 /* Debug */,
				4FA91392213E760D00112811 /* Release */,
			);
			defaultConfigurationIsVisible = 0;
			defaultConfigurationName = Release;
		};
		4FA91393213E760D00112811 /* Build configuration list for PBXNativeTarget "POCRegistration" */ = {
			isa = XCConfigurationList;
			buildConfigurations = (
				4FA91394213E760D00112811 /* Debug */,
				4FA91395213E760D00112811 /* Release */,
			);
			defaultConfigurationIsVisible = 0;
			defaultConfigurationName = Release;
		};
		4FA91396213E760D00112811 /* Build configuration list for PBXNativeTarget "POCRegistrationTests" */ = {
			isa = XCConfigurationList;
			buildConfigurations = (
				4FA91397213E760D00112811 /* Debug */,
				4FA91398213E760D00112811 /* Release */,
			);
			defaultConfigurationIsVisible = 0;
			defaultConfigurationName = Release;
		};
/* End XCConfigurationList section */
	};
	rootObject = 4FA9136E213E760D00112811 /* Project object */;
}
